
Microsoft Visual Studio Solution File, Format Version 12.00
# Visual Studio Version 16
VisualStudioVersion = 16.0.30503.244
MinimumVisualStudioVersion = 10.0.40219.1
Project("{FAE04EC0-301F-11D3-BF4B-00C04F79EFBC}") = "QueueClient", "QueueProj\QueueClient.csproj", "{6C7A74F8-0F82-43A1-877A-29011FFB234A}"
EndProject
Project("{FAE04EC0-301F-11D3-BF4B-00C04F79EFBC}") = "QueueStat", "QueueStat\QueueStat.csproj", "{620E3153-1501-48B6-A98F-1C1834379BBF}"
EndProject
Project("{FAE04EC0-301F-11D3-BF4B-00C04F79EFBC}") = "QueueOper", "QueueOper\QueueOper.csproj", "{F21E4C26-4470-4C78-9D4C-4D8644DD0B1D}"
EndProject
Global
	GlobalSection(SolutionConfigurationPlatforms) = preSolution
		Debug|Any CPU = Debug|Any CPU
		Release|Any CPU = Release|Any CPU
	EndGlobalSection
	GlobalSection(ProjectConfigurationPlatforms) = postSolution
		{6C7A74F8-0F82-43A1-877A-29011FFB234A}.Debug|Any CPU.ActiveCfg = Debug|Any CPU
		{6C7A74F8-0F82-43A1-877A-29011FFB234A}.Debug|Any CPU.Build.0 = Debug|Any CPU
		{6C7A74F8-0F82-43A1-877A-29011FFB234A}.Release|Any CPU.ActiveCfg = Release|Any CPU
		{6C7A74F8-0F82-43A1-877A-29011FFB234A}.Release|Any CPU.Build.0 = Release|Any CPU
		{620E3153-1501-48B6-A98F-1C1834379BBF}.Debug|Any CPU.ActiveCfg = Debug|Any CPU
		{620E3153-1501-48B6-A98F-1C1834379BBF}.Debug|Any CPU.Build.0 = Debug|Any CPU
		{620E3153-1501-48B6-A98F-1C1834379BBF}.Release|Any CPU.ActiveCfg = Release|Any CPU
		{620E3153-1501-48B6-A98F-1C1834379BBF}.Release|Any CPU.Build.0 = Release|Any CPU
		{F21E4C26-4470-4C78-9D4C-4D8644DD0B1D}.Debug|Any CPU.ActiveCfg = Debug|Any CPU
		{F21E4C26-4470-4C78-9D4C-4D8644DD0B1D}.Debug|Any CPU.Build.0 = Debug|Any CPU
		{F21E4C26-4470-4C78-9D4C-4D8644DD0B1D}.Release|Any CPU.ActiveCfg = Release|Any CPU
		{F21E4C26-4470-4C78-9D4C-4D8644DD0B1D}.Release|Any CPU.Build.0 = Release|Any CPU
	EndGlobalSection
	GlobalSection(SolutionProperties) = preSolution
		HideSolutionNode = FALSE
	EndGlobalSection
	GlobalSection(ExtensibilityGlobals) = postSolution
		SolutionGuid = {FF0ABA69-D0F3-4CB5-9E5A-DF41A9685C4F}
	EndGlobalSection
EndGlobal
